
Microsoft Visual Studio Solution File, Format Version 12.00
# Visual Studio 15
VisualStudioVersion = 15.0.27428.2043
MinimumVisualStudioVersion = 10.0.40219.1
Project("{FAE04EC0-301F-11D3-BF4B-00C04F79EFBC}") = "Smart Garden", "Smart Garden\Smart Garden.csproj", "{9D61D3A1-DB96-4036-969E-52D62F635A9C}"
EndProject
Global
	GlobalSection(SolutionConfigurationPlatforms) = preSolution
		Debug|Any CPU = Debug|Any CPU
		Release|Any CPU = Release|Any CPU
	EndGlobalSection
	GlobalSection(ProjectConfigurationPlatforms) = postSolution
		{9D61D3A1-DB96-4036-969E-52D62F635A9C}.Debug|Any CPU.ActiveCfg = Debug|Any CPU
		{9D61D3A1-DB96-4036-969E-52D62F635A9C}.Debug|Any CPU.Build.0 = Debug|Any CPU
		{9D61D3A1-DB96-4036-969E-52D62F635A9C}.Release|Any CPU.ActiveCfg = Release|Any CPU
		{9D61D3A1-DB96-4036-969E-52D62F635A9C}.Release|Any CPU.Build.0 = Release|Any CPU
	EndGlobalSection
	GlobalSection(SolutionProperties) = preSolution
		HideSolutionNode = FALSE
	EndGlobalSection
	GlobalSection(ExtensibilityGlobals) = postSolution
		SolutionGuid = {E24A698E-B1EF-4D65-87F4-374227B417D8}
	EndGlobalSection
EndGlobal
